{
  "name": "unikorn.db",
  "lockfileVersion": 2,
  "requires": true,
  "packages": {
    "": {
      "dependencies": {
        "yarrak.db": "^1.1.1"
      }
    },
    "node_modules/graceful-fs": {
      "version": "4.2.8",
      "resolved": "https://registry.npmjs.org/graceful-fs/-/graceful-fs-4.2.8.tgz",
      "integrity": "sha512-qkIilPUYcNhJpd33n0GBXTB1MMPp14TxEsEs0pTrsSVucApsYzW5V+Q8Qxhik6KU3evy+qkAAowTByymK0avdg=="
    },
    "node_modules/lodash": {
      "version": "4.17.21",
      "resolved": "https://registry.npmjs.org/lodash/-/lodash-4.17.21.tgz",
      "integrity": "sha512-v2kDEe57lecTulaDIuNTPy3Ry4gLGJ6Z1O3vE1krgXZNrsQ+LFTGHVxVjcXPs17LhbZVGedAJv8XZ1tvj5FvSg=="
    },
    "node_modules/yarrak.db": {
      "version": "1.1.1",
      "resolved": "https://registry.npmjs.org/yarrak.db/-/yarrak.db-1.1.1.tgz",
      "integrity": "sha512-VwM8Bp7hBTvEI6qmK5I2N7JI8813aPACLX6P5K5WoyTg7xHk+1rCf9fcDAl6D+Ac9xMpCbnf5dCijx54YY+cCA==",
      "dependencies": {
        "graceful-fs": "^4.2.6",
        "lodash": "^4.17.21"
      }
    }
  },
  "dependencies": {
    "graceful-fs": {
      "version": "4.2.8",
      "resolved": "https://registry.npmjs.org/graceful-fs/-/graceful-fs-4.2.8.tgz",
      "integrity": "sha512-qkIilPUYcNhJpd33n0GBXTB1MMPp14TxEsEs0pTrsSVucApsYzW5V+Q8Qxhik6KU3evy+qkAAowTByymK0avdg=="
    },
    "lodash": {
      "version": "4.17.21",
      "resolved": "https://registry.npmjs.org/lodash/-/lodash-4.17.21.tgz",
      "integrity": "sha512-v2kDEe57lecTulaDIuNTPy3Ry4gLGJ6Z1O3vE1krgXZNrsQ+LFTGHVxVjcXPs17LhbZVGedAJv8XZ1tvj5FvSg=="
    },
    "yarrak.db": {
      "version": "1.1.1",
      "resolved": "https://registry.npmjs.org/yarrak.db/-/yarrak.db-1.1.1.tgz",
      "integrity": "sha512-VwM8Bp7hBTvEI6qmK5I2N7JI8813aPACLX6P5K5WoyTg7xHk+1rCf9fcDAl6D+Ac9xMpCbnf5dCijx54YY+cCA==",
      "requires": {
        "graceful-fs": "^4.2.6",
        "lodash": "^4.17.21"
      }
    }
  }
}
